
Microsoft Visual Studio Solution File, Format Version 12.00
# Visual Studio Version 17
VisualStudioVersion = 17.9.34622.214
MinimumVisualStudioVersion = 10.0.40219.1
Project("{9A19103F-16F7-4668-BE54-9A1E7A4F7556}") = "OOP", "OOP\OOP.csproj", "{2F05E4A2-A836-408E-8FD4-EF6C8B32464A}"
EndProject
Project("{FAE04EC0-301F-11D3-BF4B-00C04F79EFBC}") = "Assignment", "Assignment\Assignment.csproj", "{26E771E8-9D11-4837-A42D-5A483162F8A7}"
EndProject
Global
	GlobalSection(SolutionConfigurationPlatforms) = preSolution
		Debug|Any CPU = Debug|Any CPU
		Release|Any CPU = Release|Any CPU
	EndGlobalSection
	GlobalSection(ProjectConfigurationPlatforms) = postSolution
		{2F05E4A2-A836-408E-8FD4-EF6C8B32464A}.Debug|Any CPU.ActiveCfg = Debug|Any CPU
		{2F05E4A2-A836-408E-8FD4-EF6C8B32464A}.Debug|Any CPU.Build.0 = Debug|Any CPU
		{2F05E4A2-A836-408E-8FD4-EF6C8B32464A}.Release|Any CPU.ActiveCfg = Release|Any CPU
		{2F05E4A2-A836-408E-8FD4-EF6C8B32464A}.Release|Any CPU.Build.0 = Release|Any CPU
		{26E771E8-9D11-4837-A42D-5A483162F8A7}.Debug|Any CPU.ActiveCfg = Debug|Any CPU
		{26E771E8-9D11-4837-A42D-5A483162F8A7}.Debug|Any CPU.Build.0 = Debug|Any CPU
		{26E771E8-9D11-4837-A42D-5A483162F8A7}.Release|Any CPU.ActiveCfg = Release|Any CPU
		{26E771E8-9D11-4837-A42D-5A483162F8A7}.Release|Any CPU.Build.0 = Release|Any CPU
	EndGlobalSection
	GlobalSection(SolutionProperties) = preSolution
		HideSolutionNode = FALSE
	EndGlobalSection
	GlobalSection(ExtensibilityGlobals) = postSolution
		SolutionGuid = {F3329E9C-865B-42FE-9CB7-4E4A7ED56F05}
	EndGlobalSection
EndGlobal
